// !$*UTF8*$!
{
	archiveVersion = 1;
	classes = {
	};
	objectVersion = 48;
	objects = {

/* Begin PBXBuildFile section */
		D741702F23473A26005AF640 /* AppDelegate.swift in Sources */ = {isa = PBXBuildFile; fileRef = D741702E23473A26005AF640 /* AppDelegate.swift */; };
		D741703123473A26005AF640 /* ViewController.swift in Sources */ = {isa = PBXBuildFile; fileRef = D741703023473A26005AF640 /* ViewController.swift */; };
		D741703423473A27005AF640 /* Main.storyboard in Resources */ = {isa = PBXBuildFile; fileRef = D741703223473A27005AF640 /* Main.storyboard */; };
		D741703723473A27005AF640 /* dbProject.xcdatamodeld in Sources */ = {isa = PBXBuildFile; fileRef = D741703523473A27005AF640 /* dbProject.xcdatamodeld */; };
		D741703923473A27005AF640 /* Assets.xcassets in Resources */ = {isa = PBXBuildFile; fileRef = D741703823473A27005AF640 /* Assets.xcassets */; };
		D741703C23473A27005AF640 /* LaunchScreen.storyboard in Resources */ = {isa = PBXBuildFile; fileRef = D741703A23473A27005AF640 /* LaunchScreen.storyboard */; };
		D741704723473A27005AF640 /* dbProjectTests.swift in Sources */ = {isa = PBXBuildFile; fileRef = D741704623473A27005AF640 /* dbProjectTests.swift */; };
		D741705223473A27005AF640 /* dbProjectUITests.swift in Sources */ = {isa = PBXBuildFile; fileRef = D741705123473A27005AF640 /* dbProjectUITests.swift */; };
		D741706123473A5C005AF640 /* dbUserInfo.db in Resources */ = {isa = PBXBuildFile; fileRef = D741706023473A5C005AF640 /* dbUserInfo.db */; };
		D741706423473B7A005AF640 /* dbManager.swift in Sources */ = {isa = PBXBuildFile; fileRef = D741706323473B7A005AF640 /* dbManager.swift */; };
		D741706723473D59005AF640 /* libsqlite3.0.tbd in Frameworks */ = {isa = PBXBuildFile; fileRef = D741706623473D59005AF640 /* libsqlite3.0.tbd */; };
		D741706C2347450D005AF640 /* SaveDataViewController.swift in Sources */ = {isa = PBXBuildFile; fileRef = D741706B2347450D005AF640 /* SaveDataViewController.swift */; };
/* End PBXBuildFile section */

/* Begin PBXContainerItemProxy section */
		D741704323473A27005AF640 /* PBXContainerItemProxy */ = {
			isa = PBXContainerItemProxy;
			containerPortal = D741702323473A26005AF640 /* Project object */;
			proxyType = 1;
			remoteGlobalIDString = D741702A23473A26005AF640;
			remoteInfo = dbProject;
		};
		D741704E23473A27005AF640 /* PBXContainerItemProxy */ = {
			isa = PBXContainerItemProxy;
			containerPortal = D741702323473A26005AF640 /* Project object */;
			proxyType = 1;
			remoteGlobalIDString = D741702A23473A26005AF640;
			remoteInfo = dbProject;
		};
/* End PBXContainerItemProxy section */

/* Begin PBXFileReference section */
		D741702B23473A26005AF640 /* dbProject.app */ = {isa = PBXFileReference; explicitFileType = wrapper.application; includeInIndex = 0; path = dbProject.app; sourceTree = BUILT_PRODUCTS_DIR; };
		D741702E23473A26005AF640 /* AppDelegate.swift */ = {isa = PBXFileReference; lastKnownFileType = sourcecode.swift; path = AppDelegate.swift; sourceTree = "<group>"; };
		D741703023473A26005AF640 /* ViewController.swift */ = {isa = PBXFileReference; lastKnownFileType = sourcecode.swift; path = ViewController.swift; sourceTree = "<group>"; };
		D741703323473A27005AF640 /* Base */ = {isa = PBXFileReference; lastKnownFileType = file.storyboard; name = Base; path = Base.lproj/Main.storyboard; sourceTree = "<group>"; };
		D741703623473A27005AF640 /* dbProject.xcdatamodel */ = {isa = PBXFileReference; lastKnownFileType = wrapper.xcdatamodel; path = dbProject.xcdatamodel; sourceTree = "<group>"; };
		D741703823473A27005AF640 /* Assets.xcassets */ = {isa = PBXFileReference; lastKnownFileType = folder.assetcatalog; path = Assets.xcassets; sourceTree = "<group>"; };
		D741703B23473A27005AF640 /* Base */ = {isa = PBXFileReference; lastKnownFileType = file.storyboard; name = Base; path = Base.lproj/LaunchScreen.storyboard; sourceTree = "<group>"; };
		D741703D23473A27005AF640 /* Info.plist */ = {isa = PBXFileReference; lastKnownFileType = text.plist.xml; path = Info.plist; sourceTree = "<group>"; };
		D741704223473A27005AF640 /* dbProjectTests.xctest */ = {isa = PBXFileReference; explicitFileType = wrapper.cfbundle; includeInIndex = 0; path = dbProjectTests.xctest; sourceTree = BUILT_PRODUCTS_DIR; };
		D741704623473A27005AF640 /* dbProjectTests.swift */ = {isa = PBXFileReference; lastKnownFileType = sourcecode.swift; path = dbProjectTests.swift; sourceTree = "<group>"; };
		D741704823473A27005AF640 /* Info.plist */ = {isa = PBXFileReference; lastKnownFileType = text.plist.xml; path = Info.plist; sourceTree = "<group>"; };
		D741704D23473A27005AF640 /* dbProjectUITests.xctest */ = {isa = PBXFileReference; explicitFileType = wrapper.cfbundle; includeInIndex = 0; path = dbProjectUITests.xctest; sourceTree = BUILT_PRODUCTS_DIR; };
		D741705123473A27005AF640 /* dbProjectUITests.swift */ = {isa = PBXFileReference; lastKnownFileType = sourcecode.swift; path = dbProjectUITests.swift; sourceTree = "<group>"; };
		D741705323473A27005AF640 /* Info.plist */ = {isa = PBXFileReference; lastKnownFileType = text.plist.xml; path = Info.plist; sourceTree = "<group>"; };
		D741706023473A5C005AF640 /* dbUserInfo.db */ = {isa = PBXFileReference; lastKnownFileType = file; path = dbUserInfo.db; sourceTree = "<group>"; };
		D741706323473B7A005AF640 /* dbManager.swift */ = {isa = PBXFileReference; lastKnownFileType = sourcecode.swift; path = dbManager.swift; sourceTree = "<group>"; };
		D741706623473D59005AF640 /* libsqlite3.0.tbd */ = {isa = PBXFileReference; lastKnownFileType = "sourcecode.text-based-dylib-definition"; name = libsqlite3.0.tbd; path = usr/lib/libsqlite3.0.tbd; sourceTree = SDKROOT; };
		D741706823473E42005AF640 /* dbProject-Bridging-Header.h */ = {isa = PBXFileReference; lastKnownFileType = sourcecode.c.h; path = "dbProject-Bridging-Header.h"; sourceTree = "<group>"; };
		D741706B2347450D005AF640 /* SaveDataViewController.swift */ = {isa = PBXFileReference; lastKnownFileType = sourcecode.swift; path = SaveDataViewController.swift; sourceTree = "<group>"; };
/* End PBXFileReference section */

/* Begin PBXFrameworksBuildPhase section */
		D741702823473A26005AF640 /* Frameworks */ = {
			isa = PBXFrameworksBuildPhase;
			buildActionMask = 2147483647;
			files = (
				D741706723473D59005AF640 /* libsqlite3.0.tbd in Frameworks */,
			);
			runOnlyForDeploymentPostprocessing = 0;
		};
		D741703F23473A27005AF640 /* Frameworks */ = {
			isa = PBXFrameworksBuildPhase;
			buildActionMask = 2147483647;
			files = (
			);
			runOnlyForDeploymentPostprocessing = 0;
		};
		D741704A23473A27005AF640 /* Frameworks */ = {
			isa = PBXFrameworksBuildPhase;
			buildActionMask = 2147483647;
			files = (
			);
			runOnlyForDeploymentPostprocessing = 0;
		};
/* End PBXFrameworksBuildPhase section */

/* Begin PBXGroup section */
		D741702223473A26005AF640 = {
			isa = PBXGroup;
			children = (
				D741702D23473A26005AF640 /* dbProject */,
				D741704523473A27005AF640 /* dbProjectTests */,
				D741705023473A27005AF640 /* dbProjectUITests */,
				D741702C23473A26005AF640 /* Products */,
				D741706523473D59005AF640 /* Frameworks */,
			);
			sourceTree = "<group>";
		};
		D741702C23473A26005AF640 /* Products */ = {
			isa = PBXGroup;
			children = (
				D741702B23473A26005AF640 /* dbProject.app */,
				D741704223473A27005AF640 /* dbProjectTests.xctest */,
				D741704D23473A27005AF640 /* dbProjectUITests.xctest */,
			);
			name = Products;
			sourceTree = "<group>";
		};
		D741702D23473A26005AF640 /* dbProject */ = {
			isa = PBXGroup;
			children = (
				D741706223473B60005AF640 /* dbHelper */,
				D741705F23473A2C005AF640 /* dbFile */,
				D741702E23473A26005AF640 /* AppDelegate.swift */,
				D741703023473A26005AF640 /* ViewController.swift */,
				D741703223473A27005AF640 /* Main.storyboard */,
				D741703823473A27005AF640 /* Assets.xcassets */,
				D741703A23473A27005AF640 /* LaunchScreen.storyboard */,
				D741703D23473A27005AF640 /* Info.plist */,
				D741703523473A27005AF640 /* dbProject.xcdatamodeld */,
				D741706B2347450D005AF640 /* SaveDataViewController.swift */,
			);
			path = dbProject;
			sourceTree = "<group>";
		};
		D741704523473A27005AF640 /* dbProjectTests */ = {
			isa = PBXGroup;
			children = (
				D741704623473A27005AF640 /* dbProjectTests.swift */,
				D741704823473A27005AF640 /* Info.plist */,
			);
			path = dbProjectTests;
			sourceTree = "<group>";
		};
		D741705023473A27005AF640 /* dbProjectUITests */ = {
			isa = PBXGroup;
			children = (
				D741705123473A27005AF640 /* dbProjectUITests.swift */,
				D741705323473A27005AF640 /* Info.plist */,
			);
			path = dbProjectUITests;
			sourceTree = "<group>";
		};
		D741705F23473A2C005AF640 /* dbFile */ = {
			isa = PBXGroup;
			children = (
				D741706023473A5C005AF640 /* dbUserInfo.db */,
			);
			path = dbFile;
			sourceTree = "<group>";
		};
		D741706223473B60005AF640 /* dbHelper */ = {
			isa = PBXGroup;
			children = (
				D741706323473B7A005AF640 /* dbManager.swift */,
				D741706823473E42005AF640 /* dbProject-Bridging-Header.h */,
			);
			path = dbHelper;
			sourceTree = "<group>";
		};
		D741706523473D59005AF640 /* Frameworks */ = {
			isa = PBXGroup;
			children = (
				D741706623473D59005AF640 /* libsqlite3.0.tbd */,
			);
			name = Frameworks;
			sourceTree = "<group>";
		};
/* End PBXGroup section */

/* Begin PBXNativeTarget section */
		D741702A23473A26005AF640 /* dbProject */ = {
			isa = PBXNativeTarget;
			buildConfigurationList = D741705623473A27005AF640 /* Build configuration list for PBXNativeTarget "dbProject" */;
			buildPhases = (
				D741702723473A26005AF640 /* Sources */,
				D741702823473A26005AF640 /* Frameworks */,
				D741702923473A26005AF640 /* Resources */,
			);
			buildRules = (
			);
			dependencies = (
			);
			name = dbProject;
			productName = dbProject;
			productReference = D741702B23473A26005AF640 /* dbProject.app */;
			productType = "com.apple.product-type.application";
		};
		D741704123473A27005AF640 /* dbProjectTests */ = {
			isa = PBXNativeTarget;
			buildConfigurationList = D741705923473A27005AF640 /* Build configuration list for PBXNativeTarget "dbProjectTests" */;
			buildPhases = (
				D741703E23473A27005AF640 /* Sources */,
				D741703F23473A27005AF640 /* Frameworks */,
				D741704023473A27005AF640 /* Resources */,
			);
			buildRules = (
			);
			dependencies = (
				D741704423473A27005AF640 /* PBXTargetDependency */,
			);
			name = dbProjectTests;
			productName = dbProjectTests;
			productReference = D741704223473A27005AF640 /* dbProjectTests.xctest */;
			productType = "com.apple.product-type.bundle.unit-test";
		};
		D741704C23473A27005AF640 /* dbProjectUITests */ = {
			isa = PBXNativeTarget;
			buildConfigurationList = D741705C23473A27005AF640 /* Build configuration list for PBXNativeTarget "dbProjectUITests" */;
			buildPhases = (
				D741704923473A27005AF640 /* Sources */,
				D741704A23473A27005AF640 /* Frameworks */,
				D741704B23473A27005AF640 /* Resources */,
			);
			buildRules = (
			);
			dependencies = (
				D741704F23473A27005AF640 /* PBXTargetDependency */,
			);
			name = dbProjectUITests;
			productName = dbProjectUITests;
			productReference = D741704D23473A27005AF640 /* dbProjectUITests.xctest */;
			productType = "com.apple.product-type.bundle.ui-testing";
		};
/* End PBXNativeTarget section */

/* Begin PBXProject section */
		D741702323473A26005AF640 /* Project object */ = {
			isa = PBXProject;
			attributes = {
				LastSwiftUpdateCheck = 0920;
				LastUpgradeCheck = 0920;
				ORGANIZATIONNAME = "COE-18";
				TargetAttributes = {
					D741702A23473A26005AF640 = {
						CreatedOnToolsVersion = 9.2;
						LastSwiftMigration = 0920;
						ProvisioningStyle = Automatic;
					};
					D741704123473A27005AF640 = {
						CreatedOnToolsVersion = 9.2;
						ProvisioningStyle = Automatic;
						TestTargetID = D741702A23473A26005AF640;
					};
					D741704C23473A27005AF640 = {
						CreatedOnToolsVersion = 9.2;
						ProvisioningStyle = Automatic;
						TestTargetID = D741702A23473A26005AF640;
					};
				};
			};
			buildConfigurationList = D741702623473A26005AF640 /* Build configuration list for PBXProject "dbProject" */;
			compatibilityVersion = "Xcode 8.0";
			developmentRegion = en;
			hasScannedForEncodings = 0;
			knownRegions = (
				en,
				Base,
			);
			mainGroup = D741702223473A26005AF640;
			productRefGroup = D741702C23473A26005AF640 /* Products */;
			projectDirPath = "";
			projectRoot = "";
			targets = (
				D741702A23473A26005AF640 /* dbProject */,
				D741704123473A27005AF640 /* dbProjectTests */,
				D741704C23473A27005AF640 /* dbProjectUITests */,
			);
		};
/* End PBXProject section */

/* Begin PBXResourcesBuildPhase section */
		D741702923473A26005AF640 /* Resources */ = {
			isa = PBXResourcesBuildPhase;
			buildActionMask = 2147483647;
			files = (
				D741703C23473A27005AF640 /* LaunchScreen.storyboard in Resources */,
				D741703923473A27005AF640 /* Assets.xcassets in Resources */,
				D741706123473A5C005AF640 /* dbUserInfo.db in Resources */,
				D741703423473A27005AF640 /* Main.storyboard in Resources */,
			);
			runOnlyForDeploymentPostprocessing = 0;
		};
		D741704023473A27005AF640 /* Resources */ = {
			isa = PBXResourcesBuildPhase;
			buildActionMask = 2147483647;
			files = (
			);
			runOnlyForDeploymentPostprocessing = 0;
		};
		D741704B23473A27005AF640 /* Resources */ = {
			isa = PBXResourcesBuildPhase;
			buildActionMask = 2147483647;
			files = (
			);
			runOnlyForDeploymentPostprocessing = 0;
		};
/* End PBXResourcesBuildPhase section */

/* Begin PBXSourcesBuildPhase section */
		D741702723473A26005AF640 /* Sources */ = {
			isa = PBXSourcesBuildPhase;
			buildActionMask = 2147483647;
			files = (
				D741703123473A26005AF640 /* ViewController.swift in Sources */,
				D741703723473A27005AF640 /* dbProject.xcdatamodeld in Sources */,
				D741702F23473A26005AF640 /* AppDelegate.swift in Sources */,
				D741706C2347450D005AF640 /* SaveDataViewController.swift in Sources */,
				D741706423473B7A005AF640 /* dbManager.swift in Sources */,
			);
			runOnlyForDeploymentPostprocessing = 0;
		};
		D741703E23473A27005AF640 /* Sources */ = {
			isa = PBXSourcesBuildPhase;
			buildActionMask = 2147483647;
			files = (
				D741704723473A27005AF640 /* dbProjectTests.swift in Sources */,
			);
			runOnlyForDeploymentPostprocessing = 0;
		};
		D741704923473A27005AF640 /* Sources */ = {
			isa = PBXSourcesBuildPhase;
			buildActionMask = 2147483647;
			files = (
				D741705223473A27005AF640 /* dbProjectUITests.swift in Sources */,
			);
			runOnlyForDeploymentPostprocessing = 0;
		};
/* End PBXSourcesBuildPhase section */

/* Begin PBXTargetDependency section */
		D741704423473A27005AF640 /* PBXTargetDependency */ = {
			isa = PBXTargetDependency;
			target = D741702A23473A26005AF640 /* dbProject */;
			targetProxy = D741704323473A27005AF640 /* PBXContainerItemProxy */;
		};
		D741704F23473A27005AF640 /* PBXTargetDependency */ = {
			isa = PBXTargetDependency;
			target = D741702A23473A26005AF640 /* dbProject */;
			targetProxy = D741704E23473A27005AF640 /* PBXContainerItemProxy */;
		};
/* End PBXTargetDependency section */

/* Begin PBXVariantGroup section */
		D741703223473A27005AF640 /* Main.storyboard */ = {
			isa = PBXVariantGroup;
			children = (
				D741703323473A27005AF640 /* Base */,
			);
			name = Main.storyboard;
			sourceTree = "<group>";
		};
		D741703A23473A27005AF640 /* LaunchScreen.storyboard */ = {
			isa = PBXVariantGroup;
			children = (
				D741703B23473A27005AF640 /* Base */,
			);
			name = LaunchScreen.storyboard;
			sourceTree = "<group>";
		};
/* End PBXVariantGroup section */

/* Begin XCBuildConfiguration section */
		D741705423473A27005AF640 /* Debug */ = {
			isa = XCBuildConfiguration;
			buildSettings = {
				ALWAYS_SEARCH_USER_PATHS = NO;
				CLANG_ANALYZER_NONNULL = YES;
				CLANG_ANALYZER_NUMBER_OBJECT_CONVERSION = YES_AGGRESSIVE;
				CLANG_CXX_LANGUAGE_STANDARD = "gnu++14";
				CLANG_CXX_LIBRARY = "libc++";
				CLANG_ENABLE_MODULES = YES;
				CLANG_ENABLE_OBJC_ARC = YES;
				CLANG_WARN_BLOCK_CAPTURE_AUTORELEASING = YES;
				CLANG_WARN_BOOL_CONVERSION = YES;
				CLANG_WARN_COMMA = YES;
				CLANG_WARN_CONSTANT_CONVERSION = YES;
				CLANG_WARN_DIRECT_OBJC_ISA_USAGE = YES_ERROR;
				CLANG_WARN_DOCUMENTATION_COMMENTS = YES;
				CLANG_WARN_EMPTY_BODY = YES;
				CLANG_WARN_ENUM_CONVERSION = YES;
				CLANG_WARN_INFINITE_RECURSION = YES;
				CLANG_WARN_INT_CONVERSION = YES;
				CLANG_WARN_NON_LITERAL_NULL_CONVERSION = YES;
				CLANG_WARN_OBJC_LITERAL_CONVERSION = YES;
				CLANG_WARN_OBJC_ROOT_CLASS = YES_ERROR;
				CLANG_WARN_RANGE_LOOP_ANALYSIS = YES;
				CLANG_WARN_STRICT_PROTOTYPES = YES;
				CLANG_WARN_SUSPICIOUS_MOVE = YES;
				CLANG_WARN_UNGUARDED_AVAILABILITY = YES_AGGRESSIVE;
				CLANG_WARN_UNREACHABLE_CODE = YES;
				CLANG_WARN__DUPLICATE_METHOD_MATCH = YES;
				CODE_SIGN_IDENTITY = "iPhone Developer";
				COPY_PHASE_STRIP = NO;
				DEBUG_INFORMATION_FORMAT = dwarf;
				ENABLE_STRICT_OBJC_MSGSEND = YES;
				ENABLE_TESTABILITY = YES;
				GCC_C_LANGUAGE_STANDARD = gnu11;
				GCC_DYNAMIC_NO_PIC = NO;
				GCC_NO_COMMON_BLOCKS = YES;
				GCC_OPTIMIZATION_LEVEL = 0;
				GCC_PREPROCESSOR_DEFINITIONS = (
					"DEBUG=1",
					"$(inherited)",
				);
				GCC_WARN_64_TO_32_BIT_CONVERSION = YES;
				GCC_WARN_ABOUT_RETURN_TYPE = YES_ERROR;
				GCC_WARN_UNDECLARED_SELECTOR = YES;
				GCC_WARN_UNINITIALIZED_AUTOS = YES_AGGRESSIVE;
				GCC_WARN_UNUSED_FUNCTION = YES;
				GCC_WARN_UNUSED_VARIABLE = YES;
				IPHONEOS_DEPLOYMENT_TARGET = 11.2;
				MTL_ENABLE_DEBUG_INFO = YES;
				ONLY_ACTIVE_ARCH = YES;
				SDKROOT = iphoneos;
				SWIFT_ACTIVE_COMPILATION_CONDITIONS = DEBUG;
				SWIFT_OPTIMIZATION_LEVEL = "-Onone";
			};
			name = Debug;
		};
		D741705523473A27005AF640 /* Release */ = {
			isa = XCBuildConfiguration;
			buildSettings = {
				ALWAYS_SEARCH_USER_PATHS = NO;
				CLANG_ANALYZER_NONNULL = YES;
				CLANG_ANALYZER_NUMBER_OBJECT_CONVERSION = YES_AGGRESSIVE;
				CLANG_CXX_LANGUAGE_STANDARD = "gnu++14";
				CLANG_CXX_LIBRARY = "libc++";
				CLANG_ENABLE_MODULES = YES;
				CLANG_ENABLE_OBJC_ARC = YES;
				CLANG_WARN_BLOCK_CAPTURE_AUTORELEASING = YES;
				CLANG_WARN_BOOL_CONVERSION = YES;
				CLANG_WARN_COMMA = YES;
				CLANG_WARN_CONSTANT_CONVERSION = YES;
				CLANG_WARN_DIRECT_OBJC_ISA_USAGE = YES_ERROR;
				CLANG_WARN_DOCUMENTATION_COMMENTS = YES;
				CLANG_WARN_EMPTY_BODY = YES;
				CLANG_WARN_ENUM_CONVERSION = YES;
				CLANG_WARN_INFINITE_RECURSION = YES;
				CLANG_WARN_INT_CONVERSION = YES;
				CLANG_WARN_NON_LITERAL_NULL_CONVERSION = YES;
				CLANG_WARN_OBJC_LITERAL_CONVERSION = YES;
				CLANG_WARN_OBJC_ROOT_CLASS = YES_ERROR;
				CLANG_WARN_RANGE_LOOP_ANALYSIS = YES;
				CLANG_WARN_STRICT_PROTOTYPES = YES;
				CLANG_WARN_SUSPICIOUS_MOVE = YES;
				CLANG_WARN_UNGUARDED_AVAILABILITY = YES_AGGRESSIVE;
				CLANG_WARN_UNREACHABLE_CODE = YES;
				CLANG_WARN__DUPLICATE_METHOD_MATCH = YES;
				CODE_SIGN_IDENTITY = "iPhone Developer";
				COPY_PHASE_STRIP = NO;
				DEBUG_INFORMATION_FORMAT = "dwarf-with-dsym";
				ENABLE_NS_ASSERTIONS = NO;
				ENABLE_STRICT_OBJC_MSGSEND = YES;
				GCC_C_LANGUAGE_STANDARD = gnu11;
				GCC_NO_COMMON_BLOCKS = YES;
				GCC_WARN_64_TO_32_BIT_CONVERSION = YES;
				GCC_WARN_ABOUT_RETURN_TYPE = YES_ERROR;
				GCC_WARN_UNDECLARED_SELECTOR = YES;
				GCC_WARN_UNINITIALIZED_AUTOS = YES_AGGRESSIVE;
				GCC_WARN_UNUSED_FUNCTION = YES;
				GCC_WARN_UNUSED_VARIABLE = YES;
				IPHONEOS_DEPLOYMENT_TARGET = 11.2;
				MTL_ENABLE_DEBUG_INFO = NO;
				SDKROOT = iphoneos;
				SWIFT_OPTIMIZATION_LEVEL = "-Owholemodule";
				VALIDATE_PRODUCT = YES;
			};
			name = Release;
		};
		D741705723473A27005AF640 /* Debug */ = {
			isa = XCBuildConfiguration;
			buildSettings = {
				ASSETCATALOG_COMPILER_APPICON_NAME = AppIcon;
				CLANG_ENABLE_MODULES = YES;
				CODE_SIGN_STYLE = Automatic;
				INFOPLIST_FILE = dbProject/Info.plist;
				LD_RUNPATH_SEARCH_PATHS = "$(inherited) @executable_path/Frameworks";
				PRODUCT_BUNDLE_IDENTIFIER = bg.dbProject;
				PRODUCT_NAME = "$(TARGET_NAME)";
				SWIFT_OBJC_BRIDGING_HEADER = "dbProject/dbHelper/dbProject-Bridging-Header.h";
				SWIFT_OPTIMIZATION_LEVEL = "-Onone";
				SWIFT_VERSION = 4.0;
				TARGETED_DEVICE_FAMILY = "1,2";
			};
			name = Debug;
		};
		D741705823473A27005AF640 /* Release */ = {
			isa = XCBuildConfiguration;
			buildSettings = {
				ASSETCATALOG_COMPILER_APPICON_NAME = AppIcon;
				CLANG_ENABLE_MODULES = YES;
				CODE_SIGN_STYLE = Automatic;
				INFOPLIST_FILE = dbProject/Info.plist;
				LD_RUNPATH_SEARCH_PATHS = "$(inherited) @executable_path/Frameworks";
				PRODUCT_BUNDLE_IDENTIFIER = bg.dbProject;
				PRODUCT_NAME = "$(TARGET_NAME)";
				SWIFT_OBJC_BRIDGING_HEADER = "dbProject/dbHelper/dbProject-Bridging-Header.h";
				SWIFT_VERSION = 4.0;
				TARGETED_DEVICE_FAMILY = "1,2";
			};
			name = Release;
		};
		D741705A23473A27005AF640 /* Debug */ = {
			isa = XCBuildConfiguration;
			buildSettings = {
				ALWAYS_EMBED_SWIFT_STANDARD_LIBRARIES = YES;
				BUNDLE_LOADER = "$(TEST_HOST)";
				CODE_SIGN_STYLE = Automatic;
				INFOPLIST_FILE = dbProjectTests/Info.plist;
				LD_RUNPATH_SEARCH_PATHS = "$(inherited) @executable_path/Frameworks @loader_path/Frameworks";
				PRODUCT_BUNDLE_IDENTIFIER = bg.dbProjectTests;
				PRODUCT_NAME = "$(TARGET_NAME)";
				SWIFT_VERSION = 4.0;
				TARGETED_DEVICE_FAMILY = "1,2";
				TEST_HOST = "$(BUILT_PRODUCTS_DIR)/dbProject.app/dbProject";
			};
			name = Debug;
		};
		D741705B23473A27005AF640 /* Release */ = {
			isa = XCBuildConfiguration;
			buildSettings = {
				ALWAYS_EMBED_SWIFT_STANDARD_LIBRARIES = YES;
				BUNDLE_LOADER = "$(TEST_HOST)";
				CODE_SIGN_STYLE = Automatic;
				INFOPLIST_FILE = dbProjectTests/Info.plist;
				LD_RUNPATH_SEARCH_PATHS = "$(inherited) @executable_path/Frameworks @loader_path/Frameworks";
				PRODUCT_BUNDLE_IDENTIFIER = bg.dbProjectTests;
				PRODUCT_NAME = "$(TARGET_NAME)";
				SWIFT_VERSION = 4.0;
				TARGETED_DEVICE_FAMILY = "1,2";
				TEST_HOST = "$(BUILT_PRODUCTS_DIR)/dbProject.app/dbProject";
			};
			name = Release;
		};
		D741705D23473A27005AF640 /* Debug */ = {
			isa = XCBuildConfiguration;
			buildSettings = {
				ALWAYS_EMBED_SWIFT_STANDARD_LIBRARIES = YES;
				CODE_SIGN_STYLE = Automatic;
				INFOPLIST_FILE = dbProjectUITests/Info.plist;
				LD_RUNPATH_SEARCH_PATHS = "$(inherited) @executable_path/Frameworks @loader_path/Frameworks";
				PRODUCT_BUNDLE_IDENTIFIER = bg.dbProjectUITests;
				PRODUCT_NAME = "$(TARGET_NAME)";
				SWIFT_VERSION = 4.0;
				TARGETED_DEVICE_FAMILY = "1,2";
				TEST_TARGET_NAME = dbProject;
			};
			name = Debug;
		};
		D741705E23473A27005AF640 /* Release */ = {
			isa = XCBuildConfiguration;
			buildSettings = {
				ALWAYS_EMBED_SWIFT_STANDARD_LIBRARIES = YES;
				CODE_SIGN_STYLE = Automatic;
				INFOPLIST_FILE = dbProjectUITests/Info.plist;
				LD_RUNPATH_SEARCH_PATHS = "$(inherited) @executable_path/Frameworks @loader_path/Frameworks";
				PRODUCT_BUNDLE_IDENTIFIER = bg.dbProjectUITests;
				PRODUCT_NAME = "$(TARGET_NAME)";
				SWIFT_VERSION = 4.0;
				TARGETED_DEVICE_FAMILY = "1,2";
				TEST_TARGET_NAME = dbProject;
			};
			name = Release;
		};
/* End XCBuildConfiguration section */

/* Begin XCConfigurationList section */
		D741702623473A26005AF640 /* Build configuration list for PBXProject "dbProject" */ = {
			isa = XCConfigurationList;
			buildConfigurations = (
				D741705423473A27005AF640 /* Debug */,
				D741705523473A27005AF640 /* Release */,
			);
			defaultConfigurationIsVisible = 0;
			defaultConfigurationName = Release;
		};
		D741705623473A27005AF640 /* Build configuration list for PBXNativeTarget "dbProject" */ = {
			isa = XCConfigurationList;
			buildConfigurations = (
				D741705723473A27005AF640 /* Debug */,
				D741705823473A27005AF640 /* Release */,
			);
			defaultConfigurationIsVisible = 0;
			defaultConfigurationName = Release;
		};
		D741705923473A27005AF640 /* Build configuration list for PBXNativeTarget "dbProjectTests" */ = {
			isa = XCConfigurationList;
			buildConfigurations = (
				D741705A23473A27005AF640 /* Debug */,
				D741705B23473A27005AF640 /* Release */,
			);
			defaultConfigurationIsVisible = 0;
			defaultConfigurationName = Release;
		};
		D741705C23473A27005AF640 /* Build configuration list for PBXNativeTarget "dbProjectUITests" */ = {
			isa = XCConfigurationList;
			buildConfigurations = (
				D741705D23473A27005AF640 /* Debug */,
				D741705E23473A27005AF640 /* Release */,
			);
			defaultConfigurationIsVisible = 0;
			defaultConfigurationName = Release;
		};
/* End XCConfigurationList section */

/* Begin XCVersionGroup section */
		D741703523473A27005AF640 /* dbProject.xcdatamodeld */ = {
			isa = XCVersionGroup;
			children = (
				D741703623473A27005AF640 /* dbProject.xcdatamodel */,
			);
			currentVersion = D741703623473A27005AF640 /* dbProject.xcdatamodel */;
			path = dbProject.xcdatamodeld;
			sourceTree = "<group>";
			versionGroupType = wrapper.xcdatamodel;
		};
/* End XCVersionGroup section */
	};
	rootObject = D741702323473A26005AF640 /* Project object */;
}
